{
  "nodes": {
    "crane": {
      "inputs": {
        "nixpkgs": [
          "lanzaboote",
          "nixpkgs"
        ]
      },
      "locked": {
        "lastModified": 1718730147,
        "narHash": "sha256-QmD6B6FYpuoCqu6ZuPJH896ItNquDkn0ulQlOn4ykN8=",
        "owner": "ipetkov",
        "repo": "crane",
        "rev": "32c21c29b034d0a93fdb2379d6fabc40fc3d0e6c",
        "type": "github"
      },
      "original": {
        "owner": "ipetkov",
        "repo": "crane",
        "type": "github"
      }
    },
    "dotfiles-private": {
      "inputs": {
        "dotfiles-utils": [
          "dotfiles-utils"
        ]
      },
      "locked": {
        "lastModified": 1719551735,
        "narHash": "sha256-E/IordLV6EuK/VbpgVuTnlVcPbQ4b04j4qlO33iNG2I=",
        "ref": "refs/heads/main",
        "rev": "bb94b3496a8ea17eadbfe50fd5cefde8ce0d6d63",
        "revCount": 21,
        "type": "git",
        "url": "ssh://tracteur-lab/tracteur/dotfiles-private"
      },
      "original": {
        "type": "git",
        "url": "ssh://tracteur-lab/tracteur/dotfiles-private"
      }
    },
    "dotfiles-utils": {
      "locked": {
        "lastModified": 1716058088,
        "narHash": "sha256-2pU8lTl6DiSyloGSb0Ex3/bKPmRBhNuqkYlfXvNxON4=",
        "ref": "refs/heads/main",
        "rev": "f3b0f0b51c9f75f3a21aa97f84f549b52f41d8b9",
        "revCount": 3,
        "type": "git",
        "url": "ssh://tracteur-lab/tracteur/dotfiles-utils"
      },
      "original": {
        "type": "git",
        "url": "ssh://tracteur-lab/tracteur/dotfiles-utils"
      }
    },
    "flake-compat": {
      "flake": false,
      "locked": {
        "lastModified": 1696426674,
        "narHash": "sha256-kvjfFW7WAETZlt09AgDn1MrtKzP7t90Vf7vypd3OL1U=",
        "owner": "edolstra",
        "repo": "flake-compat",
        "rev": "0f9255e01c2351cc7d116c072cb317785dd33b33",
        "type": "github"
      },
      "original": {
        "owner": "edolstra",
        "repo": "flake-compat",
        "type": "github"
      }
    },
    "flake-parts": {
      "inputs": {
        "nixpkgs-lib": [
          "lanzaboote",
          "nixpkgs"
        ]
      },
      "locked": {
        "lastModified": 1717285511,
        "narHash": "sha256-iKzJcpdXih14qYVcZ9QC9XuZYnPc6T8YImb6dX166kw=",
        "owner": "hercules-ci",
        "repo": "flake-parts",
        "rev": "2a55567fcf15b1b1c7ed712a2c6fadaec7412ea8",
        "type": "github"
      },
      "original": {
        "owner": "hercules-ci",
        "repo": "flake-parts",
        "type": "github"
      }
    },
    "flake-utils": {
      "inputs": {
        "systems": [
          "systems"
        ]
      },
      "locked": {
        "lastModified": 1710146030,
        "narHash": "sha256-SZ5L6eA7HJ/nmkzGG7/ISclqe6oZdOZTNoesiInkXPQ=",
        "owner": "numtide",
        "repo": "flake-utils",
        "rev": "b1d9ab70662946ef0850d488da1c9019f3a9752a",
        "type": "github"
      },
      "original": {
        "owner": "numtide",
        "repo": "flake-utils",
        "type": "github"
      }
    },
    "flakey-profile": {
      "locked": {
        "lastModified": 1712898590,
        "narHash": "sha256-FhGIEU93VHAChKEXx905TSiPZKga69bWl1VB37FK//I=",
        "owner": "lf-",
        "repo": "flakey-profile",
        "rev": "243c903fd8eadc0f63d205665a92d4df91d42d9d",
        "type": "github"
      },
      "original": {
        "owner": "lf-",
        "repo": "flakey-profile",
        "type": "github"
      }
    },
    "gitignore": {
      "inputs": {
        "nixpkgs": [
          "lanzaboote",
          "pre-commit-hooks-nix",
          "nixpkgs"
        ]
      },
      "locked": {
        "lastModified": 1709087332,
        "narHash": "sha256-HG2cCnktfHsKV0s4XW83gU3F57gaTljL9KNSuG6bnQs=",
        "owner": "hercules-ci",
        "repo": "gitignore.nix",
        "rev": "637db329424fd7e46cf4185293b9cc8c88c95394",
        "type": "github"
      },
      "original": {
        "owner": "hercules-ci",
        "repo": "gitignore.nix",
        "type": "github"
      }
    },
    "home-manager": {
      "inputs": {
        "nixpkgs": [
          "nixpkgs-unstable"
        ]
      },
      "locked": {
        "lastModified": 1721714663,
        "narHash": "sha256-ZDW5+rlROxaOuoEfIQM7Gqhoa+WALEYdYIiZhyJjAu0=",
        "owner": "nix-community",
        "repo": "home-manager",
        "rev": "7560dc942a6fbd37ebd1310b3dbda513de2d4b82",
        "type": "github"
      },
      "original": {
        "owner": "nix-community",
        "repo": "home-manager",
        "type": "github"
      }
    },
    "lanzaboote": {
      "inputs": {
        "crane": "crane",
        "flake-compat": "flake-compat",
        "flake-parts": "flake-parts",
        "nixpkgs": [
          "nixos-unstable"
        ],
        "pre-commit-hooks-nix": "pre-commit-hooks-nix",
        "rust-overlay": "rust-overlay"
      },
      "locked": {
        "lastModified": 1721581642,
        "narHash": "sha256-Bd9ujkwkxwAYCnYKEKeY1fjsvD4vyiFjFS20Lxr/FD4=",
        "owner": "nix-community",
        "repo": "lanzaboote",
        "rev": "f3b4ade14392861388265e949b7007a8b62e21dc",
        "type": "github"
      },
      "original": {
        "owner": "nix-community",
        "repo": "lanzaboote",
        "type": "github"
      }
    },
    "lix": {
      "flake": false,
      "locked": {
        "lastModified": 1720626042,
        "narHash": "sha256-f8k+BezKdJfmE+k7zgBJiohtS3VkkriycdXYsKOm3sc=",
        "ref": "refs/tags/2.90.0",
        "rev": "2a4376be20d70feaa2b0e640c5041fb66ddc67ed",
        "revCount": 15788,
        "type": "git",
        "url": "https://git@git.lix.systems/lix-project/lix"
      },
      "original": {
        "ref": "refs/tags/2.90.0",
        "type": "git",
        "url": "https://git@git.lix.systems/lix-project/lix"
      }
    },
    "lix-module": {
      "inputs": {
        "flake-utils": [
          "flake-utils"
        ],
        "flakey-profile": "flakey-profile",
        "lix": [
          "lix"
        ],
        "nixpkgs": [
          "nixos-unstable"
        ]
      },
      "locked": {
        "lastModified": 1720695775,
        "narHash": "sha256-8Oqzl9QPjEe/n8y0R2tC6+2v/H6xBgABHXOJwxmnBg0=",
        "ref": "refs/heads/main",
        "rev": "d70318fb946a0e720dfdd1fb10b0645c14e2a02a",
        "revCount": 94,
        "type": "git",
        "url": "https://git.lix.systems/lix-project/nixos-module"
      },
      "original": {
        "type": "git",
        "url": "https://git.lix.systems/lix-project/nixos-module"
      }
    },
    "nix-github-actions": {
      "inputs": {
        "nixpkgs": [
          "talon-nix",
          "nixpkgs"
        ]
      },
      "locked": {
        "lastModified": 1693660503,
        "narHash": "sha256-B/g2V4v6gjirFmy+I5mwB2bCYc0l3j5scVfwgl6WOl8=",
        "owner": "nix-community",
        "repo": "nix-github-actions",
        "rev": "bd5bdbb52350e145c526108f4ef192eb8e554fa0",
        "type": "github"
      },
      "original": {
        "owner": "nix-community",
        "repo": "nix-github-actions",
        "type": "github"
      }
    },
    "nixos-hardware": {
      "locked": {
        "lastModified": 1721754224,
        "narHash": "sha256-JEVfxzZRo+/zdWKBjHpAUG905SDZL9fmoLJxf9b5CGU=",
        "owner": "NixOS",
        "repo": "nixos-hardware",
        "rev": "405b654893aba16c8014de6a17e84439d3fb8e46",
        "type": "github"
      },
      "original": {
        "owner": "NixOS",
        "ref": "master",
        "repo": "nixos-hardware",
        "type": "github"
      }
    },
    "nixos-unstable": {
      "locked": {
        "lastModified": 1721562059,
        "narHash": "sha256-Tybxt65eyOARf285hMHIJ2uul8SULjFZbT9ZaEeUnP8=",
        "owner": "nixos",
        "repo": "nixpkgs",
        "rev": "68c9ed8bbed9dfce253cc91560bf9043297ef2fe",
        "type": "github"
      },
      "original": {
        "owner": "nixos",
        "ref": "nixos-unstable",
        "repo": "nixpkgs",
        "type": "github"
      }
    },
    "nixpkgs-stable": {
      "locked": {
        "lastModified": 1718447546,
        "narHash": "sha256-JHuXsrC9pr4kA4n7LuuPfWFJUVlDBVJ1TXDVpHEuUgM=",
        "owner": "NixOS",
        "repo": "nixpkgs",
        "rev": "842253bf992c3a7157b67600c2857193f126563a",
        "type": "github"
      },
      "original": {
        "owner": "NixOS",
        "ref": "nixos-23.11",
        "repo": "nixpkgs",
        "type": "github"
      }
    },
    "nixpkgs-unstable": {
      "locked": {
        "lastModified": 1721622093,
        "narHash": "sha256-iQ+quy3A1EKeFyLyAtjhgSvZHH7r+xybXZkxMhasN4I=",
        "owner": "nixos",
        "repo": "nixpkgs",
        "rev": "453402b94f39f968a7c27df28e060f69e4a50c3b",
        "type": "github"
      },
      "original": {
        "owner": "nixos",
        "ref": "nixpkgs-unstable",
        "repo": "nixpkgs",
        "type": "github"
      }
    },
    "pre-commit-hooks-nix": {
      "inputs": {
        "flake-compat": [
          "lanzaboote",
          "flake-compat"
        ],
        "gitignore": "gitignore",
        "nixpkgs": [
          "lanzaboote",
          "nixpkgs"
        ],
        "nixpkgs-stable": "nixpkgs-stable"
      },
      "locked": {
        "lastModified": 1718879355,
        "narHash": "sha256-RTyqP4fBX2MdhNuMP+fnR3lIwbdtXhyj7w7fwtvgspc=",
        "owner": "cachix",
        "repo": "pre-commit-hooks.nix",
        "rev": "8cd35b9496d21a6c55164d8547d9d5280162b07a",
        "type": "github"
      },
      "original": {
        "owner": "cachix",
        "repo": "pre-commit-hooks.nix",
        "type": "github"
      }
    },
    "root": {
      "inputs": {
        "dotfiles-private": "dotfiles-private",
        "dotfiles-utils": "dotfiles-utils",
        "flake-utils": "flake-utils",
        "home-manager": "home-manager",
        "lanzaboote": "lanzaboote",
        "lix": "lix",
        "lix-module": "lix-module",
        "nixos-hardware": "nixos-hardware",
        "nixos-unstable": "nixos-unstable",
        "nixpkgs-unstable": "nixpkgs-unstable",
        "systems": "systems",
        "talon-nix": "talon-nix"
      }
    },
    "rust-overlay": {
      "inputs": {
        "nixpkgs": [
          "lanzaboote",
          "nixpkgs"
        ]
      },
      "locked": {
        "lastModified": 1719109180,
        "narHash": "sha256-96dwGCV2yQxDozDATqbsM3YU0ft3Isw3cwVDO/eNCv8=",
        "owner": "oxalica",
        "repo": "rust-overlay",
        "rev": "5fc5f3a0d7eabf7db86851e6423f9d7fbceaf89d",
        "type": "github"
      },
      "original": {
        "owner": "oxalica",
        "repo": "rust-overlay",
        "type": "github"
      }
    },
    "systems": {
      "locked": {
        "lastModified": 1689347949,
        "narHash": "sha256-12tWmuL2zgBgZkdoB6qXZsgJEH9LR3oUgpaQq2RbI80=",
        "owner": "nix-systems",
        "repo": "default-linux",
        "rev": "31732fcf5e8fea42e59c2488ad31a0e651500f68",
        "type": "github"
      },
      "original": {
        "owner": "nix-systems",
        "repo": "default-linux",
        "type": "github"
      }
    },
    "talon-nix": {
      "inputs": {
        "nix-github-actions": "nix-github-actions",
        "nixpkgs": [
          "nixos-unstable"
        ]
      },
      "locked": {
        "lastModified": 1720064283,
        "narHash": "sha256-/C+A08rgPQ+R2SJwaGNpt/rQ0xa6cbyWHqw3nB1caxI=",
        "owner": "nix-community",
        "repo": "talon-nix",
        "rev": "718a82d3f45fa875f00f61867d6ed9285e40ce59",
        "type": "github"
      },
      "original": {
        "owner": "nix-community",
        "repo": "talon-nix",
        "type": "github"
      }
    }
  },
  "root": "root",
  "version": 7
}
